hash: 147b9ec1299a07e8c1a7faa1e87bda7298732750aba4fe36f1b892ad3f834df9
updated: 2016-06-26T19:37:59.481476279+05:30
imports:
- name: github.com/hashicorp/errwrap
  version: 7554cd9344cec97297fa6649b055a8c98c2a1e55
- name: github.com/hashicorp/go-multierror
  version: d30f09973e19c1dfcd120b2d9c4f168e68d6b5d5
devImports: []
